// !$*UTF8*$!
{
	archiveVersion = 1;
	classes = {
	};
	objectVersion = 48;
	objects = {

/* Begin PBXBuildFile section */
		180C889D1FC77F5F00D19F85 /* AppDelegate.swift in Sources */ = {isa = PBXBuildFile; fileRef = 180C889C1FC77F5F00D19F85 /* AppDelegate.swift */; };
		180C88A81FC77F5F00D19F85 /* Main.storyboard in Resources */ = {isa = PBXBuildFile; fileRef = 180C88A61FC77F5F00D19F85 /* Main.storyboard */; };
		180C88AA1FC77F5F00D19F85 /* Assets.xcassets in Resources */ = {isa = PBXBuildFile; fileRef = 180C88A91FC77F5F00D19F85 /* Assets.xcassets */; };
		180C88AD1FC77F5F00D19F85 /* LaunchScreen.storyboard in Resources */ = {isa = PBXBuildFile; fileRef = 180C88AB1FC77F5F00D19F85 /* LaunchScreen.storyboard */; };
		18172932207B0C8700D6F35E /* SharedJetman.h in Headers */ = {isa = PBXBuildFile; fileRef = 18172930207B0C8700D6F35E /* SharedJetman.h */; settings = {ATTRIBUTES = (Public, ); }; };
		18172935207B0C8700D6F35E /* SharedJetman.framework in Frameworks */ = {isa = PBXBuildFile; fileRef = 1817292E207B0C8600D6F35E /* SharedJetman.framework */; };
		18172936207B0C8700D6F35E /* SharedJetman.framework in Embed Frameworks */ = {isa = PBXBuildFile; fileRef = 1817292E207B0C8600D6F35E /* SharedJetman.framework */; settings = {ATTRIBUTES = (CodeSignOnCopy, RemoveHeadersOnCopy, ); }; };
		1817293C207B0C9C00D6F35E /* SharedAssets.xcassets in Resources */ = {isa = PBXBuildFile; fileRef = 1817293B207B0C9C00D6F35E /* SharedAssets.xcassets */; };
		1817293E207B0CEF00D6F35E /* SharedAssets.xcassets in Resources */ = {isa = PBXBuildFile; fileRef = 1817293B207B0C9C00D6F35E /* SharedAssets.xcassets */; };
		181AD9C420CD702400EEEB7F /* CloudKit.framework in Frameworks */ = {isa = PBXBuildFile; fileRef = 181AD9C320CD702400EEEB7F /* CloudKit.framework */; };
		181AD9C620CD82B100EEEB7F /* User.swift in Sources */ = {isa = PBXBuildFile; fileRef = 181AD9C520CD82B100EEEB7F /* User.swift */; };
		181AD9C820CD964400EEEB7F /* CloudKitSyncable.swift in Sources */ = {isa = PBXBuildFile; fileRef = 181AD9C720CD964400EEEB7F /* CloudKitSyncable.swift */; };
		181AD9CA20CDF2CF00EEEB7F /* CKRecord+AppExtensions.swift in Sources */ = {isa = PBXBuildFile; fileRef = 181AD9C920CDF2CF00EEEB7F /* CKRecord+AppExtensions.swift */; };
		183E67612068724700E6DB57 /* UIViewController+Helpers.swift in Sources */ = {isa = PBXBuildFile; fileRef = 183E67602068724700E6DB57 /* UIViewController+Helpers.swift */; };
		183E6763206874B700E6DB57 /* FirebaseManager.swift in Sources */ = {isa = PBXBuildFile; fileRef = 183E6762206874B700E6DB57 /* FirebaseManager.swift */; };
		183E756C2038AFAF00092B2A /* GameSession.swift in Sources */ = {isa = PBXBuildFile; fileRef = 183E756B2038AFAF00092B2A /* GameSession.swift */; };
		183E7594203A727300092B2A /* CustomSubclasses.swift in Sources */ = {isa = PBXBuildFile; fileRef = 183E7593203A727300092B2A /* CustomSubclasses.swift */; };
		183E7599203A7D7B00092B2A /* AVAudioPlayer+Helpers.swift in Sources */ = {isa = PBXBuildFile; fileRef = 183E7598203A7D7B00092B2A /* AVAudioPlayer+Helpers.swift */; };
		183E759B203B335700092B2A /* bubblePop.wav in Resources */ = {isa = PBXBuildFile; fileRef = 183E759A203B335700092B2A /* bubblePop.wav */; };
		183E759F203B83C100092B2A /* crash.wav in Resources */ = {isa = PBXBuildFile; fileRef = 183E759C203B83C100092B2A /* crash.wav */; };
		183E75A0203B83C100092B2A /* splash.wav in Resources */ = {isa = PBXBuildFile; fileRef = 183E759D203B83C100092B2A /* splash.wav */; };
		183E75A1203B83C100092B2A /* descent.wav in Resources */ = {isa = PBXBuildFile; fileRef = 183E759E203B83C100092B2A /* descent.wav */; };
		183E75A3203B962C00092B2A /* music.wav in Resources */ = {isa = PBXBuildFile; fileRef = 183E75A2203B962C00092B2A /* music.wav */; };
		1842D6DA201412E800571BD2 /* CGFloat+Helpers.swift in Sources */ = {isa = PBXBuildFile; fileRef = 1842D6D9201412E800571BD2 /* CGFloat+Helpers.swift */; };
		1842D6DE2014427800571BD2 /* SpriteLoader.swift in Sources */ = {isa = PBXBuildFile; fileRef = 1842D6DD2014427800571BD2 /* SpriteLoader.swift */; };
		1842D6E22015095400571BD2 /* SKTileGroup+Helpers.swift in Sources */ = {isa = PBXBuildFile; fileRef = 1842D6E12015095400571BD2 /* SKTileGroup+Helpers.swift */; };
		1847EE2E20D6E78D00CB53E3 /* NewUsernameView.storyboard in Resources */ = {isa = PBXBuildFile; fileRef = 1847EE2D20D6E78D00CB53E3 /* NewUsernameView.storyboard */; };
		1847EE3020D6E7A200CB53E3 /* NewUserViewController.swift in Sources */ = {isa = PBXBuildFile; fileRef = 1847EE2F20D6E7A200CB53E3 /* NewUserViewController.swift */; };
		1851438120D8C0D5000EC8A0 /* ActivityIndicator.xib in Resources */ = {isa = PBXBuildFile; fileRef = 1851438020D8C0D5000EC8A0 /* ActivityIndicator.xib */; };
		1851438320D8C2D5000EC8A0 /* ActivityIndicator.swift in Sources */ = {isa = PBXBuildFile; fileRef = 1851438220D8C2D5000EC8A0 /* ActivityIndicator.swift */; };
		1853AAC120715665007EEC62 /* MyChallengesBox.swift in Sources */ = {isa = PBXBuildFile; fileRef = 1853AAC020715665007EEC62 /* MyChallengesBox.swift */; };
		1853AAC320715FB4007EEC62 /* MessagesChallenge.swift in Sources */ = {isa = PBXBuildFile; fileRef = 1853AAC220715FB4007EEC62 /* MessagesChallenge.swift */; };
		187E411A208BBB4F009C7270 /* URL+AppExtensions.swift in Sources */ = {isa = PBXBuildFile; fileRef = 187E4119208BBB4F009C7270 /* URL+AppExtensions.swift */; };
		1884675B20E94D0800CE5F33 /* LeaderboardView.storyboard in Resources */ = {isa = PBXBuildFile; fileRef = 1884675A20E94D0800CE5F33 /* LeaderboardView.storyboard */; };
		1884675D20E94D1900CE5F33 /* LeaderboardViewController.swift in Sources */ = {isa = PBXBuildFile; fileRef = 1884675C20E94D1900CE5F33 /* LeaderboardViewController.swift */; };
		1884675F20E94D4800CE5F33 /* LeaderboardInteractor.swift in Sources */ = {isa = PBXBuildFile; fileRef = 1884675E20E94D4800CE5F33 /* LeaderboardInteractor.swift */; };
		1884676320E97A2F00CE5F33 /* RightDetailTableViewCell.xib in Resources */ = {isa = PBXBuildFile; fileRef = 1884676220E97A2F00CE5F33 /* RightDetailTableViewCell.xib */; };
		1884676520E97A4000CE5F33 /* RightDetailTableViewCell.swift in Sources */ = {isa = PBXBuildFile; fileRef = 1884676420E97A4000CE5F33 /* RightDetailTableViewCell.swift */; };
		18847EA72070122F00B90C9C /* EmbeddedController.swift in Sources */ = {isa = PBXBuildFile; fileRef = 18847EA62070122F00B90C9C /* EmbeddedController.swift */; };
		18847EB020706B1B00B90C9C /* NewChallengeView.storyboard in Resources */ = {isa = PBXBuildFile; fileRef = 18847EAF20706B1B00B90C9C /* NewChallengeView.storyboard */; };
		18847EB220706B9400B90C9C /* NewChallengeViewController.swift in Sources */ = {isa = PBXBuildFile; fileRef = 18847EB120706B9400B90C9C /* NewChallengeViewController.swift */; };
		18847EB420706BB800B90C9C /* NewChallengeInteractor.swift in Sources */ = {isa = PBXBuildFile; fileRef = 18847EB320706BB800B90C9C /* NewChallengeInteractor.swift */; };
		18847EB72070726C00B90C9C /* MyChallengesView.storyboard in Resources */ = {isa = PBXBuildFile; fileRef = 18847EB62070726C00B90C9C /* MyChallengesView.storyboard */; };
		18847EB9207073E300B90C9C /* MyChallengesViewController.swift in Sources */ = {isa = PBXBuildFile; fileRef = 18847EB8207073E300B90C9C /* MyChallengesViewController.swift */; };
		18847EBB207073F100B90C9C /* MyChallengesInteractor.swift in Sources */ = {isa = PBXBuildFile; fileRef = 18847EBA207073F100B90C9C /* MyChallengesInteractor.swift */; };
		188CAA392083C03800E2AC6B /* GoogleService-Info.plist in Resources */ = {isa = PBXBuildFile; fileRef = 188CAA382083C03800E2AC6B /* GoogleService-Info.plist */; };
		18956FA91FEDF19A00EAE585 /* ForegroundTileset.sks in Resources */ = {isa = PBXBuildFile; fileRef = 18956FA81FEDF19A00EAE585 /* ForegroundTileset.sks */; };
		18A13DDE1FEECCEC00A042AD /* LevelLayer.swift in Sources */ = {isa = PBXBuildFile; fileRef = 18A13DDD1FEECCEC00A042AD /* LevelLayer.swift */; };
		18A13DE01FEED1D400A042AD /* SKTileMapNode+Helpers.swift in Sources */ = {isa = PBXBuildFile; fileRef = 18A13DDF1FEED1D400A042AD /* SKTileMapNode+Helpers.swift */; };
		18A671ED205DA1F000EB4BB8 /* Interactor.swift in Sources */ = {isa = PBXBuildFile; fileRef = 18A671EC205DA1F000EB4BB8 /* Interactor.swift */; };
		18A671EF205DACD900EB4BB8 /* FriendManager.swift in Sources */ = {isa = PBXBuildFile; fileRef = 18A671EE205DACD900EB4BB8 /* FriendManager.swift */; };
		18A8A83B201641B200749884 /* UIBezierPath+Helpers.swift in Sources */ = {isa = PBXBuildFile; fileRef = 18A8A83A201641B200749884 /* UIBezierPath+Helpers.swift */; };
		18B32FD41FDA504F00D59107 /* WelcomeView.storyboard in Resources */ = {isa = PBXBuildFile; fileRef = 18B32FD31FDA504F00D59107 /* WelcomeView.storyboard */; };
		18B32FD61FDA506100D59107 /* WelcomeViewController.swift in Sources */ = {isa = PBXBuildFile; fileRef = 18B32FD51FDA506100D59107 /* WelcomeViewController.swift */; };
		18B32FE31FDA565C00D59107 /* GameplayView.storyboard in Resources */ = {isa = PBXBuildFile; fileRef = 18B32FE21FDA565C00D59107 /* GameplayView.storyboard */; };
		18B32FE51FDC3DDC00D59107 /* GameplayViewController.swift in Sources */ = {isa = PBXBuildFile; fileRef = 18B32FE41FDC3DDC00D59107 /* GameplayViewController.swift */; };
		18B32FE71FDC3ECC00D59107 /* GameplayScene.swift in Sources */ = {isa = PBXBuildFile; fileRef = 18B32FE61FDC3ECC00D59107 /* GameplayScene.swift */; };
		18B32FED1FDC408400D59107 /* WelcomeScene.swift in Sources */ = {isa = PBXBuildFile; fileRef = 18B32FEC1FDC408400D59107 /* WelcomeScene.swift */; };
		18B32FF91FDC4F6100D59107 /* WelcomeViewInteractor.swift in Sources */ = {isa = PBXBuildFile; fileRef = 18B32FF81FDC4F6100D59107 /* WelcomeViewInteractor.swift */; };
		18B330031FDC553E00D59107 /* ChallengeManager.swift in Sources */ = {isa = PBXBuildFile; fileRef = 18B330021FDC553E00D59107 /* ChallengeManager.swift */; };
		18B330071FDC55E200D59107 /* NetworkManager.swift in Sources */ = {isa = PBXBuildFile; fileRef = 18B330061FDC55E200D59107 /* NetworkManager.swift */; };
		18B3300B1FDC564800D59107 /* LoginManager.swift in Sources */ = {isa = PBXBuildFile; fileRef = 18B3300A1FDC564800D59107 /* LoginManager.swift */; };
		18B3300F1FDC7A9900D59107 /* Statistics.swift in Sources */ = {isa = PBXBuildFile; fileRef = 18B3300E1FDC7A9900D59107 /* Statistics.swift */; };
		18B330111FDC7AAF00D59107 /* Challenge.swift in Sources */ = {isa = PBXBuildFile; fileRef = 18B330101FDC7AAF00D59107 /* Challenge.swift */; };
		18B330191FDC7B6D00D59107 /* Settings.swift in Sources */ = {isa = PBXBuildFile; fileRef = 18B330181FDC7B6D00D59107 /* Settings.swift */; };
		18B3301B1FDC7B7D00D59107 /* Player.swift in Sources */ = {isa = PBXBuildFile; fileRef = 18B3301A1FDC7B7D00D59107 /* Player.swift */; };
		18B3301D1FDC7B9500D59107 /* Layer.swift in Sources */ = {isa = PBXBuildFile; fileRef = 18B3301C1FDC7B9500D59107 /* Layer.swift */; };
		18B3301F1FDC7BE900D59107 /* RepeatingLayer.swift in Sources */ = {isa = PBXBuildFile; fileRef = 18B3301E1FDC7BE900D59107 /* RepeatingLayer.swift */; };
		18B330231FDC7CEE00D59107 /* Standings.swift in Sources */ = {isa = PBXBuildFile; fileRef = 18B330221FDC7CEE00D59107 /* Standings.swift */; };
		18B330251FDCA51B00D59107 /* CGPoint+Helpers.swift in Sources */ = {isa = PBXBuildFile; fileRef = 18B330241FDCA51B00D59107 /* CGPoint+Helpers.swift */; };
		18B330291FDCA85D00D59107 /* CGPoint+HelpersTests.swift in Sources */ = {isa = PBXBuildFile; fileRef = 18B330281FDCA85D00D59107 /* CGPoint+HelpersTests.swift */; };
		18B3302C1FDD8F1500D59107 /* LayerTests.swift in Sources */ = {isa = PBXBuildFile; fileRef = 18B3302B1FDD8F1500D59107 /* LayerTests.swift */; };
		18B330301FDDA05F00D59107 /* SKNode+Helpers.swift in Sources */ = {isa = PBXBuildFile; fileRef = 18B3302F1FDDA05F00D59107 /* SKNode+Helpers.swift */; };
		18B330321FDDA07900D59107 /* SKNode+HelpersTests.swift in Sources */ = {isa = PBXBuildFile; fileRef = 18B330311FDDA07900D59107 /* SKNode+HelpersTests.swift */; };
		18CEF3171FD489D7005C3980 /* Logger.swift in Sources */ = {isa = PBXBuildFile; fileRef = 18CEF3161FD489D7005C3980 /* Logger.swift */; };
		18CEF31A1FD4E585005C3980 /* Date+Helpers.swift in Sources */ = {isa = PBXBuildFile; fileRef = 18CEF3191FD4E585005C3980 /* Date+Helpers.swift */; };
		18CEF31C1FD4E8D7005C3980 /* Constants.swift in Sources */ = {isa = PBXBuildFile; fileRef = 18CEF31B1FD4E8D7005C3980 /* Constants.swift */; };
		18D2ABDD20CD6A3500C9A1F4 /* CloudKitManager.swift in Sources */ = {isa = PBXBuildFile; fileRef = 18D2ABDC20CD6A3500C9A1F4 /* CloudKitManager.swift */; };
		18DD3503208BC9C90077E7B1 /* ChallengeResponseView.storyboard in Resources */ = {isa = PBXBuildFile; fileRef = 18DD3502208BC9C90077E7B1 /* ChallengeResponseView.storyboard */; };
		18DD3505208BC9FE0077E7B1 /* ChallengeResponseViewController.swift in Sources */ = {isa = PBXBuildFile; fileRef = 18DD3504208BC9FE0077E7B1 /* ChallengeResponseViewController.swift */; };
		18DD3507208BD9140077E7B1 /* ChallengeResponseInteractor.swift in Sources */ = {isa = PBXBuildFile; fileRef = 18DD3506208BD9140077E7B1 /* ChallengeResponseInteractor.swift */; };
		18DD3509208BDEB90077E7B1 /* Manager.swift in Sources */ = {isa = PBXBuildFile; fileRef = 18DD3508208BDEB90077E7B1 /* Manager.swift */; };
		18DD350D208CE9080077E7B1 /* Friend.swift in Sources */ = {isa = PBXBuildFile; fileRef = 18DD350C208CE9080077E7B1 /* Friend.swift */; };
		18DF6BDB202778D300BF0502 /* WaterEmitter.sks in Resources */ = {isa = PBXBuildFile; fileRef = 18DF6BD9202778D300BF0502 /* WaterEmitter.sks */; };
		18DF6BDC202778D300BF0502 /* Assets.xcassets in Resources */ = {isa = PBXBuildFile; fileRef = 18DF6BDA202778D300BF0502 /* Assets.xcassets */; };
		18DF6BE020278BF100BF0502 /* ObstacleContactEmitter.sks in Resources */ = {isa = PBXBuildFile; fileRef = 18DF6BDF20278BF100BF0502 /* ObstacleContactEmitter.sks */; };
		18DF6BE220279C9100BF0502 /* JetpackSmokeEmitter.sks in Resources */ = {isa = PBXBuildFile; fileRef = 18DF6BE120279C9100BF0502 /* JetpackSmokeEmitter.sks */; };
		18DF6BE52031660A00BF0502 /* ScoreKeeper.swift in Sources */ = {isa = PBXBuildFile; fileRef = 18DF6BE42031660A00BF0502 /* ScoreKeeper.swift */; };
		18E1CFFA204349CE00B4B506 /* GameCenterManager.swift in Sources */ = {isa = PBXBuildFile; fileRef = 18E1CFF9204349CE00B4B506 /* GameCenterManager.swift */; };
		18E1CFFE204B29B200B4B506 /* SettingsView.storyboard in Resources */ = {isa = PBXBuildFile; fileRef = 18E1CFFD204B29B200B4B506 /* SettingsView.storyboard */; };
		18E1D000204B2A0100B4B506 /* SettingsViewController.swift in Sources */ = {isa = PBXBuildFile; fileRef = 18E1CFFF204B2A0100B4B506 /* SettingsViewController.swift */; };
		18E36BC72140136A00858560 /* Obstacle.swift in Sources */ = {isa = PBXBuildFile; fileRef = 18E36BC62140136A00858560 /* Obstacle.swift */; };
		18E53F8C20C776F400BE7BB9 /* EndOfGameView.storyboard in Resources */ = {isa = PBXBuildFile; fileRef = 18E53F8B20C776F400BE7BB9 /* EndOfGameView.storyboard */; };
		18E53F8E20C7770600BE7BB9 /* EndOfGameViewController.swift in Sources */ = {isa = PBXBuildFile; fileRef = 18E53F8D20C7770600BE7BB9 /* EndOfGameViewController.swift */; };
		18EFBA602083DF90007462CC /* Jetman.entitlements in Resources */ = {isa = PBXBuildFile; fileRef = 183E75A4203BADAB00092B2A /* Jetman.entitlements */; };
		18F4DE8B1FE578D1007FE471 /* GameplaySceneInteractor.swift in Sources */ = {isa = PBXBuildFile; fileRef = 18F4DE8A1FE578D1007FE471 /* GameplaySceneInteractor.swift */; };
		18F4DE8D1FE596B9007FE471 /* SKSpriteNode+Helpers.swift in Sources */ = {isa = PBXBuildFile; fileRef = 18F4DE8C1FE596B9007FE471 /* SKSpriteNode+Helpers.swift */; };
		18F4DE901FE5CBBE007FE471 /* TimeInterval+Helpers.swift in Sources */ = {isa = PBXBuildFile; fileRef = 18F4DE8F1FE5CBBE007FE471 /* TimeInterval+Helpers.swift */; };
		34CBCF6910CE0754412C1A46 /* Pods_Jetman.framework in Frameworks */ = {isa = PBXBuildFile; fileRef = EB9CF715D0E6671CFA77C9CE /* Pods_Jetman.framework */; };
/* End PBXBuildFile section */

/* Begin PBXContainerItemProxy section */
		180C88B41FC77F5F00D19F85 /* PBXContainerItemProxy */ = {
			isa = PBXContainerItemProxy;
			containerPortal = 180C88911FC77F5F00D19F85 /* Project object */;
			proxyType = 1;
			remoteGlobalIDString = 180C88981FC77F5F00D19F85;
			remoteInfo = Jetman;
		};
		18172933207B0C8700D6F35E /* PBXContainerItemProxy */ = {
			isa = PBXContainerItemProxy;
			containerPortal = 180C88911FC77F5F00D19F85 /* Project object */;
			proxyType = 1;
			remoteGlobalIDString = 1817292D207B0C8600D6F35E;
			remoteInfo = SharedJetman;
		};
/* End PBXContainerItemProxy section */

/* Begin PBXCopyFilesBuildPhase section */
		1817293A207B0C8700D6F35E /* Embed Frameworks */ = {
			isa = PBXCopyFilesBuildPhase;
			buildActionMask = 2147483647;
			dstPath = "";
			dstSubfolderSpec = 10;
			files = (
				18172936207B0C8700D6F35E /* SharedJetman.framework in Embed Frameworks */,
			);
			name = "Embed Frameworks";
			runOnlyForDeploymentPostprocessing = 0;
		};
/* End PBXCopyFilesBuildPhase section */

/* Begin PBXFileReference section */
		180C88991FC77F5F00D19F85 /* Jetman.app */ = {isa = PBXFileReference; explicitFileType = wrapper.application; includeInIndex = 0; path = Jetman.app; sourceTree = BUILT_PRODUCTS_DIR; };
		180C889C1FC77F5F00D19F85 /* AppDelegate.swift */ = {isa = PBXFileReference; lastKnownFileType = sourcecode.swift; path = AppDelegate.swift; sourceTree = "<group>"; };
		180C88A71FC77F5F00D19F85 /* Base */ = {isa = PBXFileReference; lastKnownFileType = file.storyboard; name = Base; path = Base.lproj/Main.storyboard; sourceTree = "<group>"; };
		180C88A91FC77F5F00D19F85 /* Assets.xcassets */ = {isa = PBXFileReference; lastKnownFileType = folder.assetcatalog; path = Assets.xcassets; sourceTree = "<group>"; };
		180C88AC1FC77F5F00D19F85 /* Base */ = {isa = PBXFileReference; lastKnownFileType = file.storyboard; name = Base; path = Base.lproj/LaunchScreen.storyboard; sourceTree = "<group>"; };
		180C88AE1FC77F5F00D19F85 /* Info.plist */ = {isa = PBXFileReference; lastKnownFileType = text.plist.xml; path = Info.plist; sourceTree = "<group>"; };
		180C88B31FC77F5F00D19F85 /* JetmanTests.xctest */ = {isa = PBXFileReference; explicitFileType = wrapper.cfbundle; includeInIndex = 0; path = JetmanTests.xctest; sourceTree = BUILT_PRODUCTS_DIR; };
		180C88B91FC77F6000D19F85 /* Info.plist */ = {isa = PBXFileReference; lastKnownFileType = text.plist.xml; path = Info.plist; sourceTree = "<group>"; };
		1817292E207B0C8600D6F35E /* SharedJetman.framework */ = {isa = PBXFileReference; explicitFileType = wrapper.framework; includeInIndex = 0; path = SharedJetman.framework; sourceTree = BUILT_PRODUCTS_DIR; };
		18172930207B0C8700D6F35E /* SharedJetman.h */ = {isa = PBXFileReference; lastKnownFileType = sourcecode.c.h; path = SharedJetman.h; sourceTree = "<group>"; };
		18172931207B0C8700D6F35E /* Info.plist */ = {isa = PBXFileReference; lastKnownFileType = text.plist.xml; path = Info.plist; sourceTree = "<group>"; };
		1817293B207B0C9C00D6F35E /* SharedAssets.xcassets */ = {isa = PBXFileReference; lastKnownFileType = folder.assetcatalog; path = SharedAssets.xcassets; sourceTree = "<group>"; };
		181AD9C320CD702400EEEB7F /* CloudKit.framework */ = {isa = PBXFileReference; lastKnownFileType = wrapper.framework; name = CloudKit.framework; path = System/Library/Frameworks/CloudKit.framework; sourceTree = SDKROOT; };
		181AD9C520CD82B100EEEB7F /* User.swift */ = {isa = PBXFileReference; lastKnownFileType = sourcecode.swift; path = User.swift; sourceTree = "<group>"; };
		181AD9C720CD964400EEEB7F /* CloudKitSyncable.swift */ = {isa = PBXFileReference; lastKnownFileType = sourcecode.swift; path = CloudKitSyncable.swift; sourceTree = "<group>"; };
		181AD9C920CDF2CF00EEEB7F /* CKRecord+AppExtensions.swift */ = {isa = PBXFileReference; lastKnownFileType = sourcecode.swift; path = "CKRecord+AppExtensions.swift"; sourceTree = "<group>"; };
		183E67602068724700E6DB57 /* UIViewController+Helpers.swift */ = {isa = PBXFileReference; lastKnownFileType = sourcecode.swift; path = "UIViewController+Helpers.swift"; sourceTree = "<group>"; };
		183E6762206874B700E6DB57 /* FirebaseManager.swift */ = {isa = PBXFileReference; lastKnownFileType = sourcecode.swift; path = FirebaseManager.swift; sourceTree = "<group>"; };
		183E756B2038AFAF00092B2A /* GameSession.swift */ = {isa = PBXFileReference; lastKnownFileType = sourcecode.swift; path = GameSession.swift; sourceTree = "<group>"; };
		183E7593203A727300092B2A /* CustomSubclasses.swift */ = {isa = PBXFileReference; lastKnownFileType = sourcecode.swift; path = CustomSubclasses.swift; sourceTree = "<group>"; };
		183E7598203A7D7B00092B2A /* AVAudioPlayer+Helpers.swift */ = {isa = PBXFileReference; lastKnownFileType = sourcecode.swift; path = "AVAudioPlayer+Helpers.swift"; sourceTree = "<group>"; };
		183E759A203B335700092B2A /* bubblePop.wav */ = {isa = PBXFileReference; lastKnownFileType = audio.wav; path = bubblePop.wav; sourceTree = "<group>"; };
		183E759C203B83C100092B2A /* crash.wav */ = {isa = PBXFileReference; lastKnownFileType = audio.wav; path = crash.wav; sourceTree = "<group>"; };
		183E759D203B83C100092B2A /* splash.wav */ = {isa = PBXFileReference; lastKnownFileType = audio.wav; path = splash.wav; sourceTree = "<group>"; };
		183E759E203B83C100092B2A /* descent.wav */ = {isa = PBXFileReference; lastKnownFileType = audio.wav; path = descent.wav; sourceTree = "<group>"; };
		183E75A2203B962C00092B2A /* music.wav */ = {isa = PBXFileReference; lastKnownFileType = audio.wav; path = music.wav; sourceTree = "<group>"; };
		183E75A4203BADAB00092B2A /* Jetman.entitlements */ = {isa = PBXFileReference; lastKnownFileType = text.plist.entitlements; path = Jetman.entitlements; sourceTree = "<group>"; };
		1842D6D9201412E800571BD2 /* CGFloat+Helpers.swift */ = {isa = PBXFileReference; lastKnownFileType = sourcecode.swift; path = "CGFloat+Helpers.swift"; sourceTree = "<group>"; };
		1842D6DD2014427800571BD2 /* SpriteLoader.swift */ = {isa = PBXFileReference; lastKnownFileType = sourcecode.swift; path = SpriteLoader.swift; sourceTree = "<group>"; };
		1842D6E12015095400571BD2 /* SKTileGroup+Helpers.swift */ = {isa = PBXFileReference; lastKnownFileType = sourcecode.swift; path = "SKTileGroup+Helpers.swift"; sourceTree = "<group>"; };
		1847EE2D20D6E78D00CB53E3 /* NewUsernameView.storyboard */ = {isa = PBXFileReference; lastKnownFileType = file.storyboard; path = NewUsernameView.storyboard; sourceTree = "<group>"; };
		1847EE2F20D6E7A200CB53E3 /* NewUserViewController.swift */ = {isa = PBXFileReference; lastKnownFileType = sourcecode.swift; path = NewUserViewController.swift; sourceTree = "<group>"; };
		1851438020D8C0D5000EC8A0 /* ActivityIndicator.xib */ = {isa = PBXFileReference; lastKnownFileType = file.xib; path = ActivityIndicator.xib; sourceTree = "<group>"; };
		1851438220D8C2D5000EC8A0 /* ActivityIndicator.swift */ = {isa = PBXFileReference; lastKnownFileType = sourcecode.swift; path = ActivityIndicator.swift; sourceTree = "<group>"; };
		1853AAC020715665007EEC62 /* MyChallengesBox.swift */ = {isa = PBXFileReference; lastKnownFileType = sourcecode.swift; path = MyChallengesBox.swift; sourceTree = "<group>"; };
		1853AAC220715FB4007EEC62 /* MessagesChallenge.swift */ = {isa = PBXFileReference; lastKnownFileType = sourcecode.swift; path = MessagesChallenge.swift; sourceTree = "<group>"; };
		1853AAC920716253007EEC62 /* Messages.framework */ = {isa = PBXFileReference; lastKnownFileType = wrapper.framework; name = Messages.framework; path = System/Library/Frameworks/Messages.framework; sourceTree = SDKROOT; };
		187E4119208BBB4F009C7270 /* URL+AppExtensions.swift */ = {isa = PBXFileReference; lastKnownFileType = sourcecode.swift; path = "URL+AppExtensions.swift"; sourceTree = "<group>"; };
		1884675A20E94D0800CE5F33 /* LeaderboardView.storyboard */ = {isa = PBXFileReference; lastKnownFileType = file.storyboard; path = LeaderboardView.storyboard; sourceTree = "<group>"; };
		1884675C20E94D1900CE5F33 /* LeaderboardViewController.swift */ = {isa = PBXFileReference; lastKnownFileType = sourcecode.swift; path = LeaderboardViewController.swift; sourceTree = "<group>"; };
		1884675E20E94D4800CE5F33 /* LeaderboardInteractor.swift */ = {isa = PBXFileReference; lastKnownFileType = sourcecode.swift; path = LeaderboardInteractor.swift; sourceTree = "<group>"; };
		1884676220E97A2F00CE5F33 /* RightDetailTableViewCell.xib */ = {isa = PBXFileReference; lastKnownFileType = file.xib; path = RightDetailTableViewCell.xib; sourceTree = "<group>"; };
		1884676420E97A4000CE5F33 /* RightDetailTableViewCell.swift */ = {isa = PBXFileReference; lastKnownFileType = sourcecode.swift; path = RightDetailTableViewCell.swift; sourceTree = "<group>"; };
		18847EA62070122F00B90C9C /* EmbeddedController.swift */ = {isa = PBXFileReference; lastKnownFileType = sourcecode.swift; path = EmbeddedController.swift; sourceTree = "<group>"; };
		18847EAF20706B1B00B90C9C /* NewChallengeView.storyboard */ = {isa = PBXFileReference; lastKnownFileType = file.storyboard; path = NewChallengeView.storyboard; sourceTree = "<group>"; };
		18847EB120706B9400B90C9C /* NewChallengeViewController.swift */ = {isa = PBXFileReference; lastKnownFileType = sourcecode.swift; path = NewChallengeViewController.swift; sourceTree = "<group>"; };
		18847EB320706BB800B90C9C /* NewChallengeInteractor.swift */ = {isa = PBXFileReference; lastKnownFileType = sourcecode.swift; path = NewChallengeInteractor.swift; sourceTree = "<group>"; };
		18847EB62070726C00B90C9C /* MyChallengesView.storyboard */ = {isa = PBXFileReference; lastKnownFileType = file.storyboard; path = MyChallengesView.storyboard; sourceTree = "<group>"; };
		18847EB8207073E300B90C9C /* MyChallengesViewController.swift */ = {isa = PBXFileReference; lastKnownFileType = sourcecode.swift; path = MyChallengesViewController.swift; sourceTree = "<group>"; };
		18847EBA207073F100B90C9C /* MyChallengesInteractor.swift */ = {isa = PBXFileReference; lastKnownFileType = sourcecode.swift; path = MyChallengesInteractor.swift; sourceTree = "<group>"; };
		188CAA2F2083B6F400E2AC6B /* CHANGELOG.md */ = {isa = PBXFileReference; lastKnownFileType = net.daringfireball.markdown; path = CHANGELOG.md; sourceTree = "<group>"; };
		188CAA302083B6F400E2AC6B /* README.md */ = {isa = PBXFileReference; lastKnownFileType = net.daringfireball.markdown; path = README.md; sourceTree = "<group>"; };
		188CAA322083B6F400E2AC6B /* FirebaseAuth.framework */ = {isa = PBXFileReference; lastKnownFileType = wrapper.framework; path = FirebaseAuth.framework; sourceTree = "<group>"; };
		188CAA382083C03800E2AC6B /* GoogleService-Info.plist */ = {isa = PBXFileReference; fileEncoding = 4; lastKnownFileType = text.plist.xml; path = "GoogleService-Info.plist"; sourceTree = "<group>"; };
		18956FA81FEDF19A00EAE585 /* ForegroundTileset.sks */ = {isa = PBXFileReference; lastKnownFileType = file.sks; path = ForegroundTileset.sks; sourceTree = "<group>"; };
		18A13DDD1FEECCEC00A042AD /* LevelLayer.swift */ = {isa = PBXFileReference; lastKnownFileType = sourcecode.swift; path = LevelLayer.swift; sourceTree = "<group>"; };
		18A13DDF1FEED1D400A042AD /* SKTileMapNode+Helpers.swift */ = {isa = PBXFileReference; lastKnownFileType = sourcecode.swift; path = "SKTileMapNode+Helpers.swift"; sourceTree = "<group>"; };
		18A671EC205DA1F000EB4BB8 /* Interactor.swift */ = {isa = PBXFileReference; lastKnownFileType = sourcecode.swift; path = Interactor.swift; sourceTree = "<group>"; };
		18A671EE205DACD900EB4BB8 /* FriendManager.swift */ = {isa = PBXFileReference; lastKnownFileType = sourcecode.swift; path = FriendManager.swift; sourceTree = "<group>"; };
		18A8A83A201641B200749884 /* UIBezierPath+Helpers.swift */ = {isa = PBXFileReference; lastKnownFileType = sourcecode.swift; path = "UIBezierPath+Helpers.swift"; sourceTree = "<group>"; };
		18B32FD31FDA504F00D59107 /* WelcomeView.storyboard */ = {isa = PBXFileReference; lastKnownFileType = file.storyboard; path = WelcomeView.storyboard; sourceTree = "<group>"; };
		18B32FD51FDA506100D59107 /* WelcomeViewController.swift */ = {isa = PBXFileReference; lastKnownFileType = sourcecode.swift; path = WelcomeViewController.swift; sourceTree = "<group>"; };
		18B32FE21FDA565C00D59107 /* GameplayView.storyboard */ = {isa = PBXFileReference; lastKnownFileType = file.storyboard; path = GameplayView.storyboard; sourceTree = "<group>"; };
		18B32FE41FDC3DDC00D59107 /* GameplayViewController.swift */ = {isa = PBXFileReference; lastKnownFileType = sourcecode.swift; path = GameplayViewController.swift; sourceTree = "<group>"; };
		18B32FE61FDC3ECC00D59107 /* GameplayScene.swift */ = {isa = PBXFileReference; lastKnownFileType = sourcecode.swift; path = GameplayScene.swift; sourceTree = "<group>"; };
		18B32FEC1FDC408400D59107 /* WelcomeScene.swift */ = {isa = PBXFileReference; lastKnownFileType = sourcecode.swift; path = WelcomeScene.swift; sourceTree = "<group>"; };
		18B32FF81FDC4F6100D59107 /* WelcomeViewInteractor.swift */ = {isa = PBXFileReference; lastKnownFileType = sourcecode.swift; path = WelcomeViewInteractor.swift; sourceTree = "<group>"; };
		18B330021FDC553E00D59107 /* ChallengeManager.swift */ = {isa = PBXFileReference; lastKnownFileType = sourcecode.swift; path = ChallengeManager.swift; sourceTree = "<group>"; };
		18B330061FDC55E200D59107 /* NetworkManager.swift */ = {isa = PBXFileReference; lastKnownFileType = sourcecode.swift; path = NetworkManager.swift; sourceTree = "<group>"; };
		18B3300A1FDC564800D59107 /* LoginManager.swift */ = {isa = PBXFileReference; lastKnownFileType = sourcecode.swift; path = LoginManager.swift; sourceTree = "<group>"; };
		18B3300E1FDC7A9900D59107 /* Statistics.swift */ = {isa = PBXFileReference; lastKnownFileType = sourcecode.swift; path = Statistics.swift; sourceTree = "<group>"; };
		18B330101FDC7AAF00D59107 /* Challenge.swift */ = {isa = PBXFileReference; lastKnownFileType = sourcecode.swift; path = Challenge.swift; sourceTree = "<group>"; };
		18B330181FDC7B6D00D59107 /* Settings.swift */ = {isa = PBXFileReference; lastKnownFileType = sourcecode.swift; path = Settings.swift; sourceTree = "<group>"; };
		18B3301A1FDC7B7D00D59107 /* Player.swift */ = {isa = PBXFileReference; lastKnownFileType = sourcecode.swift; path = Player.swift; sourceTree = "<group>"; };
		18B3301C1FDC7B9500D59107 /* Layer.swift */ = {isa = PBXFileReference; lastKnownFileType = sourcecode.swift; path = Layer.swift; sourceTree = "<group>"; };
		18B3301E1FDC7BE900D59107 /* RepeatingLayer.swift */ = {isa = PBXFileReference; lastKnownFileType = sourcecode.swift; path = RepeatingLayer.swift; sourceTree = "<group>"; };
		18B330221FDC7CEE00D59107 /* Standings.swift */ = {isa = PBXFileReference; lastKnownFileType = sourcecode.swift; path = Standings.swift; sourceTree = "<group>"; };
		18B330241FDCA51B00D59107 /* CGPoint+Helpers.swift */ = {isa = PBXFileReference; lastKnownFileType = sourcecode.swift; path = "CGPoint+Helpers.swift"; sourceTree = "<group>"; };
		18B330281FDCA85D00D59107 /* CGPoint+HelpersTests.swift */ = {isa = PBXFileReference; lastKnownFileType = sourcecode.swift; path = "CGPoint+HelpersTests.swift"; sourceTree = "<group>"; };
		18B3302B1FDD8F1500D59107 /* LayerTests.swift */ = {isa = PBXFileReference; lastKnownFileType = sourcecode.swift; path = LayerTests.swift; sourceTree = "<group>"; };
		18B3302F1FDDA05F00D59107 /* SKNode+Helpers.swift */ = {isa = PBXFileReference; lastKnownFileType = sourcecode.swift; path = "SKNode+Helpers.swift"; sourceTree = "<group>"; };
		18B330311FDDA07900D59107 /* SKNode+HelpersTests.swift */ = {isa = PBXFileReference; lastKnownFileType = sourcecode.swift; path = "SKNode+HelpersTests.swift"; sourceTree = "<group>"; };
		18CEF3161FD489D7005C3980 /* Logger.swift */ = {isa = PBXFileReference; lastKnownFileType = sourcecode.swift; path = Logger.swift; sourceTree = "<group>"; };
		18CEF3191FD4E585005C3980 /* Date+Helpers.swift */ = {isa = PBXFileReference; lastKnownFileType = sourcecode.swift; path = "Date+Helpers.swift"; sourceTree = "<group>"; };
		18CEF31B1FD4E8D7005C3980 /* Constants.swift */ = {isa = PBXFileReference; lastKnownFileType = sourcecode.swift; path = Constants.swift; sourceTree = "<group>"; };
		18D2ABDC20CD6A3500C9A1F4 /* CloudKitManager.swift */ = {isa = PBXFileReference; lastKnownFileType = sourcecode.swift; path = CloudKitManager.swift; sourceTree = "<group>"; };
		18DD3502208BC9C90077E7B1 /* ChallengeResponseView.storyboard */ = {isa = PBXFileReference; lastKnownFileType = file.storyboard; path = ChallengeResponseView.storyboard; sourceTree = "<group>"; };
		18DD3504208BC9FE0077E7B1 /* ChallengeResponseViewController.swift */ = {isa = PBXFileReference; lastKnownFileType = sourcecode.swift; path = ChallengeResponseViewController.swift; sourceTree = "<group>"; };
		18DD3506208BD9140077E7B1 /* ChallengeResponseInteractor.swift */ = {isa = PBXFileReference; lastKnownFileType = sourcecode.swift; path = ChallengeResponseInteractor.swift; sourceTree = "<group>"; };
		18DD3508208BDEB90077E7B1 /* Manager.swift */ = {isa = PBXFileReference; lastKnownFileType = sourcecode.swift; path = Manager.swift; sourceTree = "<group>"; };
		18DD350C208CE9080077E7B1 /* Friend.swift */ = {isa = PBXFileReference; lastKnownFileType = sourcecode.swift; path = Friend.swift; sourceTree = "<group>"; };
		18DF6BD9202778D300BF0502 /* WaterEmitter.sks */ = {isa = PBXFileReference; lastKnownFileType = file.sks; path = WaterEmitter.sks; sourceTree = "<group>"; };
		18DF6BDA202778D300BF0502 /* Assets.xcassets */ = {isa = PBXFileReference; lastKnownFileType = folder.assetcatalog; path = Assets.xcassets; sourceTree = "<group>"; };
		18DF6BDF20278BF100BF0502 /* ObstacleContactEmitter.sks */ = {isa = PBXFileReference; lastKnownFileType = file.sks; path = ObstacleContactEmitter.sks; sourceTree = "<group>"; };
		18DF6BE120279C9100BF0502 /* JetpackSmokeEmitter.sks */ = {isa = PBXFileReference; lastKnownFileType = file.sks; path = JetpackSmokeEmitter.sks; sourceTree = "<group>"; };
		18DF6BE42031660A00BF0502 /* ScoreKeeper.swift */ = {isa = PBXFileReference; lastKnownFileType = sourcecode.swift; path = ScoreKeeper.swift; sourceTree = "<group>"; };
		18E1CFF9204349CE00B4B506 /* GameCenterManager.swift */ = {isa = PBXFileReference; lastKnownFileType = sourcecode.swift; path = GameCenterManager.swift; sourceTree = "<group>"; };
		18E1CFFB204B0FA700B4B506 /* GameKit.framework */ = {isa = PBXFileReference; lastKnownFileType = wrapper.framework; name = GameKit.framework; path = System/Library/Frameworks/GameKit.framework; sourceTree = SDKROOT; };
		18E1CFFD204B29B200B4B506 /* SettingsView.storyboard */ = {isa = PBXFileReference; lastKnownFileType = file.storyboard; path = SettingsView.storyboard; sourceTree = "<group>"; };
		18E1CFFF204B2A0100B4B506 /* SettingsViewController.swift */ = {isa = PBXFileReference; lastKnownFileType = sourcecode.swift; path = SettingsViewController.swift; sourceTree = "<group>"; };
		18E36BC62140136A00858560 /* Obstacle.swift */ = {isa = PBXFileReference; lastKnownFileType = sourcecode.swift; path = Obstacle.swift; sourceTree = "<group>"; };
		18E53F8B20C776F400BE7BB9 /* EndOfGameView.storyboard */ = {isa = PBXFileReference; lastKnownFileType = file.storyboard; path = EndOfGameView.storyboard; sourceTree = "<group>"; };
		18E53F8D20C7770600BE7BB9 /* EndOfGameViewController.swift */ = {isa = PBXFileReference; lastKnownFileType = sourcecode.swift; path = EndOfGameViewController.swift; sourceTree = "<group>"; };
		18F4DE8A1FE578D1007FE471 /* GameplaySceneInteractor.swift */ = {isa = PBXFileReference; lastKnownFileType = sourcecode.swift; name = GameplaySceneInteractor.swift; path = Jetman/Experiences/Gameplay/GameplaySceneInteractor.swift; sourceTree = SOURCE_ROOT; };
		18F4DE8C1FE596B9007FE471 /* SKSpriteNode+Helpers.swift */ = {isa = PBXFileReference; lastKnownFileType = sourcecode.swift; path = "SKSpriteNode+Helpers.swift"; sourceTree = "<group>"; };
		18F4DE8F1FE5CBBE007FE471 /* TimeInterval+Helpers.swift */ = {isa = PBXFileReference; lastKnownFileType = sourcecode.swift; path = "TimeInterval+Helpers.swift"; sourceTree = "<group>"; };
		311A83004CB21FFA816DEBB7 /* Pods-Jetman.debug.xcconfig */ = {isa = PBXFileReference; includeInIndex = 1; lastKnownFileType = text.xcconfig; name = "Pods-Jetman.debug.xcconfig"; path = "Pods/Target Support Files/Pods-Jetman/Pods-Jetman.debug.xcconfig"; sourceTree = "<group>"; };
		7891284CFCCD8A63C21A23F7 /* Pods_JetpackJimmyMessages.framework */ = {isa = PBXFileReference; explicitFileType = wrapper.framework; includeInIndex = 0; path = Pods_JetpackJimmyMessages.framework; sourceTree = BUILT_PRODUCTS_DIR; };
		AE5CA22114BEA837365E73B4 /* Pods-Jetman.release.xcconfig */ = {isa = PBXFileReference; includeInIndex = 1; lastKnownFileType = text.xcconfig; name = "Pods-Jetman.release.xcconfig"; path = "Pods/Target Support Files/Pods-Jetman/Pods-Jetman.release.xcconfig"; sourceTree = "<group>"; };
		EB9CF715D0E6671CFA77C9CE /* Pods_Jetman.framework */ = {isa = PBXFileReference; explicitFileType = wrapper.framework; includeInIndex = 0; path = Pods_Jetman.framework; sourceTree = BUILT_PRODUCTS_DIR; };
/* End PBXFileReference section */

/* Begin PBXFrameworksBuildPhase section */
		180C88961FC77F5F00D19F85 /* Frameworks */ = {
			isa = PBXFrameworksBuildPhase;
			buildActionMask = 2147483647;
			files = (
				18172935207B0C8700D6F35E /* SharedJetman.framework in Frameworks */,
				181AD9C420CD702400EEEB7F /* CloudKit.framework in Frameworks */,
				34CBCF6910CE0754412C1A46 /* Pods_Jetman.framework in Frameworks */,
			);
			runOnlyForDeploymentPostprocessing = 0;
		};
		180C88B01FC77F5F00D19F85 /* Frameworks */ = {
			isa = PBXFrameworksBuildPhase;
			buildActionMask = 2147483647;
			files = (
			);
			runOnlyForDeploymentPostprocessing = 0;
		};
		1817292A207B0C8600D6F35E /* Frameworks */ = {
			isa = PBXFrameworksBuildPhase;
			buildActionMask = 2147483647;
			files = (
			);
			runOnlyForDeploymentPostprocessing = 0;
		};
/* End PBXFrameworksBuildPhase section */

/* Begin PBXGroup section */
		180C88901FC77F5F00D19F85 = {
			isa = PBXGroup;
			children = (
				180C889B1FC77F5F00D19F85 /* Jetman */,
				180C88B61FC77F6000D19F85 /* JetmanTests */,
				1817292F207B0C8700D6F35E /* SharedJetman */,
				180C889A1FC77F5F00D19F85 /* Products */,
				CDBC9F1E65E66D3385737AD6 /* Pods */,
				21BE0F6F51FB7D0D26498FDC /* Frameworks */,
			);
			sourceTree = "<group>";
		};
		180C889A1FC77F5F00D19F85 /* Products */ = {
			isa = PBXGroup;
			children = (
				180C88991FC77F5F00D19F85 /* Jetman.app */,
				180C88B31FC77F5F00D19F85 /* JetmanTests.xctest */,
				1817292E207B0C8600D6F35E /* SharedJetman.framework */,
			);
			name = Products;
			sourceTree = "<group>";
		};
		180C889B1FC77F5F00D19F85 /* Jetman */ = {
			isa = PBXGroup;
			children = (
				183E75A4203BADAB00092B2A /* Jetman.entitlements */,
				18CEF3051FD32DED005C3980 /* Main */,
				18CEF3061FD32DF3005C3980 /* Models */,
				18F4DE8E1FE5BEE7007FE471 /* Layer */,
				18CEF3071FD32E03005C3980 /* Common */,
				18CEF30A1FD32E54005C3980 /* Experiences */,
			);
			path = Jetman;
			sourceTree = "<group>";
		};
		180C88B61FC77F6000D19F85 /* JetmanTests */ = {
			isa = PBXGroup;
			children = (
				18B3302A1FDD8F0900D59107 /* Models */,
				18B330261FDCA80000D59107 /* Common */,
				180C88B91FC77F6000D19F85 /* Info.plist */,
			);
			path = JetmanTests;
			sourceTree = "<group>";
		};
		1817292F207B0C8700D6F35E /* SharedJetman */ = {
			isa = PBXGroup;
			children = (
				18172930207B0C8700D6F35E /* SharedJetman.h */,
				18172931207B0C8700D6F35E /* Info.plist */,
				1817293B207B0C9C00D6F35E /* SharedAssets.xcassets */,
			);
			path = SharedJetman;
			sourceTree = "<group>";
		};
		183E7595203A781B00092B2A /* Sounds */ = {
			isa = PBXGroup;
			children = (
				183E75A2203B962C00092B2A /* music.wav */,
				183E759C203B83C100092B2A /* crash.wav */,
				183E759E203B83C100092B2A /* descent.wav */,
				183E759D203B83C100092B2A /* splash.wav */,
				183E759A203B335700092B2A /* bubblePop.wav */,
			);
			path = Sounds;
			sourceTree = "<group>";
		};
		1847EE2C20D6E76400CB53E3 /* NewUsername */ = {
			isa = PBXGroup;
			children = (
				1847EE2D20D6E78D00CB53E3 /* NewUsernameView.storyboard */,
				1847EE2F20D6E7A200CB53E3 /* NewUserViewController.swift */,
			);
			path = NewUsername;
			sourceTree = "<group>";
		};
		1884675920E94CED00CE5F33 /* Leaderboard */ = {
			isa = PBXGroup;
			children = (
				1884675A20E94D0800CE5F33 /* LeaderboardView.storyboard */,
				1884675C20E94D1900CE5F33 /* LeaderboardViewController.swift */,
				1884675E20E94D4800CE5F33 /* LeaderboardInteractor.swift */,
			);
			path = Leaderboard;
			sourceTree = "<group>";
		};
		1884676120E97A1600CE5F33 /* Cells */ = {
			isa = PBXGroup;
			children = (
				1884676220E97A2F00CE5F33 /* RightDetailTableViewCell.xib */,
				1884676420E97A4000CE5F33 /* RightDetailTableViewCell.swift */,
			);
			path = Cells;
			sourceTree = "<group>";
		};
		18847EAE20706A2900B90C9C /* NewChallenge */ = {
			isa = PBXGroup;
			children = (
				18847EAF20706B1B00B90C9C /* NewChallengeView.storyboard */,
				18847EB120706B9400B90C9C /* NewChallengeViewController.swift */,
				18847EB320706BB800B90C9C /* NewChallengeInteractor.swift */,
			);
			path = NewChallenge;
			sourceTree = "<group>";
		};
		18847EB52070724800B90C9C /* MyChallenges */ = {
			isa = PBXGroup;
			children = (
				18847EB62070726C00B90C9C /* MyChallengesView.storyboard */,
				18847EB8207073E300B90C9C /* MyChallengesViewController.swift */,
				18847EBA207073F100B90C9C /* MyChallengesInteractor.swift */,
			);
			path = MyChallenges;
			sourceTree = "<group>";
		};
		188CAA2E2083B6F400E2AC6B /* FirebaseAuth */ = {
			isa = PBXGroup;
			children = (
				188CAA2F2083B6F400E2AC6B /* CHANGELOG.md */,
				188CAA302083B6F400E2AC6B /* README.md */,
				188CAA312083B6F400E2AC6B /* Frameworks */,
			);
			name = FirebaseAuth;
			path = Pods/FirebaseAuth;
			sourceTree = "<group>";
		};
		188CAA312083B6F400E2AC6B /* Frameworks */ = {
			isa = PBXGroup;
			children = (
				188CAA322083B6F400E2AC6B /* FirebaseAuth.framework */,
			);
			path = Frameworks;
			sourceTree = "<group>";
		};
		18B330261FDCA80000D59107 /* Common */ = {
			isa = PBXGroup;
			children = (
				18B330271FDCA80B00D59107 /* Apple Extensions */,
			);
			path = Common;
			sourceTree = "<group>";
		};
		18B330271FDCA80B00D59107 /* Apple Extensions */ = {
			isa = PBXGroup;
			children = (
				18B330281FDCA85D00D59107 /* CGPoint+HelpersTests.swift */,
				18B330311FDDA07900D59107 /* SKNode+HelpersTests.swift */,
			);
			path = "Apple Extensions";
			sourceTree = "<group>";
		};
		18B3302A1FDD8F0900D59107 /* Models */ = {
			isa = PBXGroup;
			children = (
				18B3302B1FDD8F1500D59107 /* LayerTests.swift */,
			);
			path = Models;
			sourceTree = "<group>";
		};
		18CEF3051FD32DED005C3980 /* Main */ = {
			isa = PBXGroup;
			children = (
				180C88A61FC77F5F00D19F85 /* Main.storyboard */,
				180C88AB1FC77F5F00D19F85 /* LaunchScreen.storyboard */,
				180C889C1FC77F5F00D19F85 /* AppDelegate.swift */,
				180C88A91FC77F5F00D19F85 /* Assets.xcassets */,
				180C88AE1FC77F5F00D19F85 /* Info.plist */,
				188CAA382083C03800E2AC6B /* GoogleService-Info.plist */,
				183E756B2038AFAF00092B2A /* GameSession.swift */,
			);
			path = Main;
			sourceTree = "<group>";
		};
		18CEF3061FD32DF3005C3980 /* Models */ = {
			isa = PBXGroup;
			children = (
				18B3300E1FDC7A9900D59107 /* Statistics.swift */,
				18B330221FDC7CEE00D59107 /* Standings.swift */,
				18B330101FDC7AAF00D59107 /* Challenge.swift */,
				18B330181FDC7B6D00D59107 /* Settings.swift */,
				18B3301A1FDC7B7D00D59107 /* Player.swift */,
				1853AAC020715665007EEC62 /* MyChallengesBox.swift */,
				1853AAC220715FB4007EEC62 /* MessagesChallenge.swift */,
				18DD350C208CE9080077E7B1 /* Friend.swift */,
				181AD9C520CD82B100EEEB7F /* User.swift */,
				181AD9C720CD964400EEEB7F /* CloudKitSyncable.swift */,
				18E36BC62140136A00858560 /* Obstacle.swift */,
			);
			path = Models;
			sourceTree = "<group>";
		};
		18CEF3071FD32E03005C3980 /* Common */ = {
			isa = PBXGroup;
			children = (
				18CEF3181FD4E55E005C3980 /* Apple Extensions */,
				18CEF3081FD32E35005C3980 /* Managers */,
				18DF6BE3203165EF00BF0502 /* Scoring */,
				183E7595203A781B00092B2A /* Sounds */,
				18CEF30F1FD32E8D005C3980 /* UI Elements */,
				18CEF31B1FD4E8D7005C3980 /* Constants.swift */,
				183E7593203A727300092B2A /* CustomSubclasses.swift */,
				18CEF3161FD489D7005C3980 /* Logger.swift */,
				1842D6DD2014427800571BD2 /* SpriteLoader.swift */,
			);
			path = Common;
			sourceTree = "<group>";
		};
		18CEF3081FD32E35005C3980 /* Managers */ = {
			isa = PBXGroup;
			children = (
				18DD3508208BDEB90077E7B1 /* Manager.swift */,
				183E6762206874B700E6DB57 /* FirebaseManager.swift */,
				18B3300A1FDC564800D59107 /* LoginManager.swift */,
				18A671EE205DACD900EB4BB8 /* FriendManager.swift */,
				18B330021FDC553E00D59107 /* ChallengeManager.swift */,
				18A671EC205DA1F000EB4BB8 /* Interactor.swift */,
				18B330061FDC55E200D59107 /* NetworkManager.swift */,
				18E1CFF9204349CE00B4B506 /* GameCenterManager.swift */,
				18D2ABDC20CD6A3500C9A1F4 /* CloudKitManager.swift */,
			);
			path = Managers;
			sourceTree = "<group>";
		};
		18CEF30A1FD32E54005C3980 /* Experiences */ = {
			isa = PBXGroup;
			children = (
				18CEF30B1FD32E60005C3980 /* Welcome */,
				18CEF3151FD32F82005C3980 /* Settings */,
				1884675920E94CED00CE5F33 /* Leaderboard */,
				1847EE2C20D6E76400CB53E3 /* NewUsername */,
				18847EAE20706A2900B90C9C /* NewChallenge */,
				18847EB52070724800B90C9C /* MyChallenges */,
				18CEF3101FD32EB6005C3980 /* Gameplay */,
				18E53F8A20C776C200BE7BB9 /* EndOfGameView */,
				18DD3501208BC9A60077E7B1 /* ChallengeResponseView */,
			);
			path = Experiences;
			sourceTree = "<group>";
		};
		18CEF30B1FD32E60005C3980 /* Welcome */ = {
			isa = PBXGroup;
			children = (
				18B32FD31FDA504F00D59107 /* WelcomeView.storyboard */,
				18B32FD51FDA506100D59107 /* WelcomeViewController.swift */,
				18B32FF81FDC4F6100D59107 /* WelcomeViewInteractor.swift */,
				18B32FEC1FDC408400D59107 /* WelcomeScene.swift */,
				18847EA62070122F00B90C9C /* EmbeddedController.swift */,
			);
			path = Welcome;
			sourceTree = "<group>";
		};
		18CEF30F1FD32E8D005C3980 /* UI Elements */ = {
			isa = PBXGroup;
			children = (
				1884676120E97A1600CE5F33 /* Cells */,
				18CEF3111FD32EE3005C3980 /* Tilesets */,
				18DF6BD82027786200BF0502 /* Emitters */,
				1851438020D8C0D5000EC8A0 /* ActivityIndicator.xib */,
				1851438220D8C2D5000EC8A0 /* ActivityIndicator.swift */,
			);
			path = "UI Elements";
			sourceTree = "<group>";
		};
		18CEF3101FD32EB6005C3980 /* Gameplay */ = {
			isa = PBXGroup;
			children = (
				18B32FE21FDA565C00D59107 /* GameplayView.storyboard */,
				18B32FE41FDC3DDC00D59107 /* GameplayViewController.swift */,
				18B32FE61FDC3ECC00D59107 /* GameplayScene.swift */,
				18F4DE8A1FE578D1007FE471 /* GameplaySceneInteractor.swift */,
			);
			path = Gameplay;
			sourceTree = "<group>";
		};
		18CEF3111FD32EE3005C3980 /* Tilesets */ = {
			isa = PBXGroup;
			children = (
				18956FA81FEDF19A00EAE585 /* ForegroundTileset.sks */,
			);
			path = Tilesets;
			sourceTree = "<group>";
		};
		18CEF3151FD32F82005C3980 /* Settings */ = {
			isa = PBXGroup;
			children = (
				18E1CFFD204B29B200B4B506 /* SettingsView.storyboard */,
				18E1CFFF204B2A0100B4B506 /* SettingsViewController.swift */,
			);
			path = Settings;
			sourceTree = "<group>";
		};
		18CEF3181FD4E55E005C3980 /* Apple Extensions */ = {
			isa = PBXGroup;
			children = (
				183E7598203A7D7B00092B2A /* AVAudioPlayer+Helpers.swift */,
				1842D6D9201412E800571BD2 /* CGFloat+Helpers.swift */,
				18B330241FDCA51B00D59107 /* CGPoint+Helpers.swift */,
				18CEF3191FD4E585005C3980 /* Date+Helpers.swift */,
				18B3302F1FDDA05F00D59107 /* SKNode+Helpers.swift */,
				18F4DE8C1FE596B9007FE471 /* SKSpriteNode+Helpers.swift */,
				1842D6E12015095400571BD2 /* SKTileGroup+Helpers.swift */,
				18A13DDF1FEED1D400A042AD /* SKTileMapNode+Helpers.swift */,
				18F4DE8F1FE5CBBE007FE471 /* TimeInterval+Helpers.swift */,
				18A8A83A201641B200749884 /* UIBezierPath+Helpers.swift */,
				183E67602068724700E6DB57 /* UIViewController+Helpers.swift */,
				187E4119208BBB4F009C7270 /* URL+AppExtensions.swift */,
				181AD9C920CDF2CF00EEEB7F /* CKRecord+AppExtensions.swift */,
			);
			path = "Apple Extensions";
			sourceTree = "<group>";
		};
		18DD3501208BC9A60077E7B1 /* ChallengeResponseView */ = {
			isa = PBXGroup;
			children = (
				18DD3502208BC9C90077E7B1 /* ChallengeResponseView.storyboard */,
				18DD3504208BC9FE0077E7B1 /* ChallengeResponseViewController.swift */,
				18DD3506208BD9140077E7B1 /* ChallengeResponseInteractor.swift */,
			);
			path = ChallengeResponseView;
			sourceTree = "<group>";
		};
		18DF6BD82027786200BF0502 /* Emitters */ = {
			isa = PBXGroup;
			children = (
				18DF6BD9202778D300BF0502 /* WaterEmitter.sks */,
				18DF6BDF20278BF100BF0502 /* ObstacleContactEmitter.sks */,
				18DF6BE120279C9100BF0502 /* JetpackSmokeEmitter.sks */,
				18DF6BDA202778D300BF0502 /* Assets.xcassets */,
			);
			path = Emitters;
			sourceTree = "<group>";
		};
		18DF6BE3203165EF00BF0502 /* Scoring */ = {
			isa = PBXGroup;
			children = (
				18DF6BE42031660A00BF0502 /* ScoreKeeper.swift */,
			);
			path = Scoring;
			sourceTree = "<group>";
		};
		18E53F8A20C776C200BE7BB9 /* EndOfGameView */ = {
			isa = PBXGroup;
			children = (
				18E53F8B20C776F400BE7BB9 /* EndOfGameView.storyboard */,
				18E53F8D20C7770600BE7BB9 /* EndOfGameViewController.swift */,
			);
			path = EndOfGameView;
			sourceTree = "<group>";
		};
		18F4DE8E1FE5BEE7007FE471 /* Layer */ = {
			isa = PBXGroup;
			children = (
				18B3301C1FDC7B9500D59107 /* Layer.swift */,
				18B3301E1FDC7BE900D59107 /* RepeatingLayer.swift */,
				18A13DDD1FEECCEC00A042AD /* LevelLayer.swift */,
			);
			path = Layer;
			sourceTree = "<group>";
		};
		21BE0F6F51FB7D0D26498FDC /* Frameworks */ = {
			isa = PBXGroup;
			children = (
				181AD9C320CD702400EEEB7F /* CloudKit.framework */,
				188CAA2E2083B6F400E2AC6B /* FirebaseAuth */,
				18E1CFFB204B0FA700B4B506 /* GameKit.framework */,
				EB9CF715D0E6671CFA77C9CE /* Pods_Jetman.framework */,
				1853AAC920716253007EEC62 /* Messages.framework */,
				7891284CFCCD8A63C21A23F7 /* Pods_JetpackJimmyMessages.framework */,
			);
			name = Frameworks;
			sourceTree = "<group>";
		};
		CDBC9F1E65E66D3385737AD6 /* Pods */ = {
			isa = PBXGroup;
			children = (
				311A83004CB21FFA816DEBB7 /* Pods-Jetman.debug.xcconfig */,
				AE5CA22114BEA837365E73B4 /* Pods-Jetman.release.xcconfig */,
			);
			name = Pods;
			sourceTree = "<group>";
		};
/* End PBXGroup section */

/* Begin PBXHeadersBuildPhase section */
		1817292B207B0C8600D6F35E /* Headers */ = {
			isa = PBXHeadersBuildPhase;
			buildActionMask = 2147483647;
			files = (
				18172932207B0C8700D6F35E /* SharedJetman.h in Headers */,
			);
			runOnlyForDeploymentPostprocessing = 0;
		};
/* End PBXHeadersBuildPhase section */

/* Begin PBXNativeTarget section */
		180C88981FC77F5F00D19F85 /* Jetman */ = {
			isa = PBXNativeTarget;
			buildConfigurationList = 180C88C71FC77F6000D19F85 /* Build configuration list for PBXNativeTarget "Jetman" */;
			buildPhases = (
				EDCEC23688E6BE6596F944F5 /* [CP] Check Pods Manifest.lock */,
				180C88951FC77F5F00D19F85 /* Sources */,
				180C88961FC77F5F00D19F85 /* Frameworks */,
				180C88971FC77F5F00D19F85 /* Resources */,
				183B2EA143CE5EFF9C06DF95 /* [CP] Embed Pods Frameworks */,
				1817293A207B0C8700D6F35E /* Embed Frameworks */,
			);
			buildRules = (
			);
			dependencies = (
				18172934207B0C8700D6F35E /* PBXTargetDependency */,
			);
			name = Jetman;
			productName = Jetman;
			productReference = 180C88991FC77F5F00D19F85 /* Jetman.app */;
			productType = "com.apple.product-type.application";
		};
		180C88B21FC77F5F00D19F85 /* JetmanTests */ = {
			isa = PBXNativeTarget;
			buildConfigurationList = 180C88CA1FC77F6000D19F85 /* Build configuration list for PBXNativeTarget "JetmanTests" */;
			buildPhases = (
				180C88AF1FC77F5F00D19F85 /* Sources */,
				180C88B01FC77F5F00D19F85 /* Frameworks */,
				180C88B11FC77F5F00D19F85 /* Resources */,
			);
			buildRules = (
			);
			dependencies = (
				180C88B51FC77F5F00D19F85 /* PBXTargetDependency */,
			);
			name = JetmanTests;
			productName = JetmanTests;
			productReference = 180C88B31FC77F5F00D19F85 /* JetmanTests.xctest */;
			productType = "com.apple.product-type.bundle.unit-test";
		};
		1817292D207B0C8600D6F35E /* SharedJetman */ = {
			isa = PBXNativeTarget;
			buildConfigurationList = 18172939207B0C8700D6F35E /* Build configuration list for PBXNativeTarget "SharedJetman" */;
			buildPhases = (
				18172929207B0C8600D6F35E /* Sources */,
				1817292A207B0C8600D6F35E /* Frameworks */,
				1817292B207B0C8600D6F35E /* Headers */,
				1817292C207B0C8600D6F35E /* Resources */,
			);
			buildRules = (
			);
			dependencies = (
			);
			name = SharedJetman;
			productName = SharedJetman;
			productReference = 1817292E207B0C8600D6F35E /* SharedJetman.framework */;
			productType = "com.apple.product-type.framework";
		};
/* End PBXNativeTarget section */

/* Begin PBXProject section */
		180C88911FC77F5F00D19F85 /* Project object */ = {
			isa = PBXProject;
			attributes = {
				LastSwiftUpdateCheck = 0930;
				LastUpgradeCheck = 1000;
				ORGANIZATIONNAME = "Thomas Ganley";
				TargetAttributes = {
					180C88981FC77F5F00D19F85 = {
						CreatedOnToolsVersion = 9.1;
						ProvisioningStyle = Automatic;
						SystemCapabilities = {
							com.apple.GameCenter = {
								enabled = 1;
							};
							com.apple.InAppPurchase = {
								enabled = 0;
							};
							com.apple.Push = {
								enabled = 1;
							};
							com.apple.SafariKeychain = {
								enabled = 1;
							};
							com.apple.iCloud = {
								enabled = 1;
							};
						};
					};
					180C88B21FC77F5F00D19F85 = {
						CreatedOnToolsVersion = 9.1;
						LastSwiftMigration = 0910;
						ProvisioningStyle = Automatic;
						TestTargetID = 180C88981FC77F5F00D19F85;
					};
					1817292D207B0C8600D6F35E = {
						CreatedOnToolsVersion = 9.3;
						ProvisioningStyle = Automatic;
					};
				};
			};
			buildConfigurationList = 180C88941FC77F5F00D19F85 /* Build configuration list for PBXProject "Jetman" */;
			compatibilityVersion = "Xcode 8.0";
			developmentRegion = en;
			hasScannedForEncodings = 0;
			knownRegions = (
				en,
				Base,
			);
			mainGroup = 180C88901FC77F5F00D19F85;
			productRefGroup = 180C889A1FC77F5F00D19F85 /* Products */;
			projectDirPath = "";
			projectRoot = "";
			targets = (
				180C88981FC77F5F00D19F85 /* Jetman */,
				180C88B21FC77F5F00D19F85 /* JetmanTests */,
				1817292D207B0C8600D6F35E /* SharedJetman */,
			);
		};
/* End PBXProject section */

/* Begin PBXResourcesBuildPhase section */
		180C88971FC77F5F00D19F85 /* Resources */ = {
			isa = PBXResourcesBuildPhase;
			buildActionMask = 2147483647;
			files = (
				18EFBA602083DF90007462CC /* Jetman.entitlements in Resources */,
				18847EB020706B1B00B90C9C /* NewChallengeView.storyboard in Resources */,
				18DF6BE020278BF100BF0502 /* ObstacleContactEmitter.sks in Resources */,
				180C88A81FC77F5F00D19F85 /* Main.storyboard in Resources */,
				1817293E207B0CEF00D6F35E /* SharedAssets.xcassets in Resources */,
				18847EB72070726C00B90C9C /* MyChallengesView.storyboard in Resources */,
				183E75A3203B962C00092B2A /* music.wav in Resources */,
				180C88AA1FC77F5F00D19F85 /* Assets.xcassets in Resources */,
				183E759B203B335700092B2A /* bubblePop.wav in Resources */,
				18E1CFFE204B29B200B4B506 /* SettingsView.storyboard in Resources */,
				18E53F8C20C776F400BE7BB9 /* EndOfGameView.storyboard in Resources */,
				180C88AD1FC77F5F00D19F85 /* LaunchScreen.storyboard in Resources */,
				18DD3503208BC9C90077E7B1 /* ChallengeResponseView.storyboard in Resources */,
				1884675B20E94D0800CE5F33 /* LeaderboardView.storyboard in Resources */,
				183E759F203B83C100092B2A /* crash.wav in Resources */,
				1851438120D8C0D5000EC8A0 /* ActivityIndicator.xib in Resources */,
				18DF6BE220279C9100BF0502 /* JetpackSmokeEmitter.sks in Resources */,
				18B32FD41FDA504F00D59107 /* WelcomeView.storyboard in Resources */,
				188CAA392083C03800E2AC6B /* GoogleService-Info.plist in Resources */,
				18DF6BDB202778D300BF0502 /* WaterEmitter.sks in Resources */,
				1847EE2E20D6E78D00CB53E3 /* NewUsernameView.storyboard in Resources */,
				18956FA91FEDF19A00EAE585 /* ForegroundTileset.sks in Resources */,
				183E75A0203B83C100092B2A /* splash.wav in Resources */,
				1884676320E97A2F00CE5F33 /* RightDetailTableViewCell.xib in Resources */,
				183E75A1203B83C100092B2A /* descent.wav in Resources */,
				18DF6BDC202778D300BF0502 /* Assets.xcassets in Resources */,
				18B32FE31FDA565C00D59107 /* GameplayView.storyboard in Resources */,
			);
			runOnlyForDeploymentPostprocessing = 0;
		};
		180C88B11FC77F5F00D19F85 /* Resources */ = {
			isa = PBXResourcesBuildPhase;
			buildActionMask = 2147483647;
			files = (
			);
			runOnlyForDeploymentPostprocessing = 0;
		};
		1817292C207B0C8600D6F35E /* Resources */ = {
			isa = PBXResourcesBuildPhase;
			buildActionMask = 2147483647;
			files = (
				1817293C207B0C9C00D6F35E /* SharedAssets.xcassets in Resources */,
			);
			runOnlyForDeploymentPostprocessing = 0;
		};
/* End PBXResourcesBuildPhase section */

/* Begin PBXShellScriptBuildPhase section */
		183B2EA143CE5EFF9C06DF95 /* [CP] Embed Pods Frameworks */ = {
			isa = PBXShellScriptBuildPhase;
			buildActionMask = 2147483647;
			files = (
			);
			inputPaths = (
				"${SRCROOT}/Pods/Target Support Files/Pods-Jetman/Pods-Jetman-frameworks.sh",
				"${BUILT_PRODUCTS_DIR}/Bolts/Bolts.framework",
				"${BUILT_PRODUCTS_DIR}/FBSDKCoreKit/FBSDKCoreKit.framework",
				"${BUILT_PRODUCTS_DIR}/FacebookCore/FacebookCore.framework",
				"${BUILT_PRODUCTS_DIR}/GoogleUtilities/GoogleUtilities.framework",
				"${BUILT_PRODUCTS_DIR}/nanopb/nanopb.framework",
			);
			name = "[CP] Embed Pods Frameworks";
			outputPaths = (
				"${TARGET_BUILD_DIR}/${FRAMEWORKS_FOLDER_PATH}/Bolts.framework",
				"${TARGET_BUILD_DIR}/${FRAMEWORKS_FOLDER_PATH}/FBSDKCoreKit.framework",
				"${TARGET_BUILD_DIR}/${FRAMEWORKS_FOLDER_PATH}/FacebookCore.framework",
				"${TARGET_BUILD_DIR}/${FRAMEWORKS_FOLDER_PATH}/GoogleUtilities.framework",
				"${TARGET_BUILD_DIR}/${FRAMEWORKS_FOLDER_PATH}/nanopb.framework",
			);
			runOnlyForDeploymentPostprocessing = 0;
			shellPath = /bin/sh;
			shellScript = "\"${SRCROOT}/Pods/Target Support Files/Pods-Jetman/Pods-Jetman-frameworks.sh\"\n";
			showEnvVarsInLog = 0;
		};
		EDCEC23688E6BE6596F944F5 /* [CP] Check Pods Manifest.lock */ = {
			isa = PBXShellScriptBuildPhase;
			buildActionMask = 2147483647;
			files = (
			);
			inputPaths = (
				"${PODS_PODFILE_DIR_PATH}/Podfile.lock",
				"${PODS_ROOT}/Manifest.lock",
			);
			name = "[CP] Check Pods Manifest.lock";
			outputPaths = (
				"$(DERIVED_FILE_DIR)/Pods-Jetman-checkManifestLockResult.txt",
			);
			runOnlyForDeploymentPostprocessing = 0;
			shellPath = /bin/sh;
			shellScript = "diff \"${PODS_PODFILE_DIR_PATH}/Podfile.lock\" \"${PODS_ROOT}/Manifest.lock\" > /dev/null\nif [ $? != 0 ] ; then\n    # print error to STDERR\n    echo \"error: The sandbox is not in sync with the Podfile.lock. Run 'pod install' or update your CocoaPods installation.\" >&2\n    exit 1\nfi\n# This output is used by Xcode 'outputs' to avoid re-running this script phase.\necho \"SUCCESS\" > \"${SCRIPT_OUTPUT_FILE_0}\"\n";
			showEnvVarsInLog = 0;
		};
/* End PBXShellScriptBuildPhase section */

/* Begin PBXSourcesBuildPhase section */
		180C88951FC77F5F00D19F85 /* Sources */ = {
			isa = PBXSourcesBuildPhase;
			buildActionMask = 2147483647;
			files = (
				18B330071FDC55E200D59107 /* NetworkManager.swift in Sources */,
				18F4DE8B1FE578D1007FE471 /* GameplaySceneInteractor.swift in Sources */,
				187E411A208BBB4F009C7270 /* URL+AppExtensions.swift in Sources */,
				18B330031FDC553E00D59107 /* ChallengeManager.swift in Sources */,
				18B32FE51FDC3DDC00D59107 /* GameplayViewController.swift in Sources */,
				18B32FD61FDA506100D59107 /* WelcomeViewController.swift in Sources */,
				1851438320D8C2D5000EC8A0 /* ActivityIndicator.swift in Sources */,
				18DD350D208CE9080077E7B1 /* Friend.swift in Sources */,
				18B330191FDC7B6D00D59107 /* Settings.swift in Sources */,
				181AD9C620CD82B100EEEB7F /* User.swift in Sources */,
				18D2ABDD20CD6A3500C9A1F4 /* CloudKitManager.swift in Sources */,
				18847EB420706BB800B90C9C /* NewChallengeInteractor.swift in Sources */,
				183E67612068724700E6DB57 /* UIViewController+Helpers.swift in Sources */,
				18B32FF91FDC4F6100D59107 /* WelcomeViewInteractor.swift in Sources */,
				1853AAC120715665007EEC62 /* MyChallengesBox.swift in Sources */,
				18B32FE71FDC3ECC00D59107 /* GameplayScene.swift in Sources */,
				18E1CFFA204349CE00B4B506 /* GameCenterManager.swift in Sources */,
				180C889D1FC77F5F00D19F85 /* AppDelegate.swift in Sources */,
				18F4DE901FE5CBBE007FE471 /* TimeInterval+Helpers.swift in Sources */,
				1884675F20E94D4800CE5F33 /* LeaderboardInteractor.swift in Sources */,
				18DF6BE52031660A00BF0502 /* ScoreKeeper.swift in Sources */,
				18847EB9207073E300B90C9C /* MyChallengesViewController.swift in Sources */,
				18847EA72070122F00B90C9C /* EmbeddedController.swift in Sources */,
				1884675D20E94D1900CE5F33 /* LeaderboardViewController.swift in Sources */,
				18A13DE01FEED1D400A042AD /* SKTileMapNode+Helpers.swift in Sources */,
				1847EE3020D6E7A200CB53E3 /* NewUserViewController.swift in Sources */,
				18CEF3171FD489D7005C3980 /* Logger.swift in Sources */,
				18A8A83B201641B200749884 /* UIBezierPath+Helpers.swift in Sources */,
				18B330231FDC7CEE00D59107 /* Standings.swift in Sources */,
				18B3300F1FDC7A9900D59107 /* Statistics.swift in Sources */,
				18B330111FDC7AAF00D59107 /* Challenge.swift in Sources */,
				183E7599203A7D7B00092B2A /* AVAudioPlayer+Helpers.swift in Sources */,
				18B3301B1FDC7B7D00D59107 /* Player.swift in Sources */,
				18B32FED1FDC408400D59107 /* WelcomeScene.swift in Sources */,
				1853AAC320715FB4007EEC62 /* MessagesChallenge.swift in Sources */,
				18E36BC72140136A00858560 /* Obstacle.swift in Sources */,
				18B3301F1FDC7BE900D59107 /* RepeatingLayer.swift in Sources */,
				183E6763206874B700E6DB57 /* FirebaseManager.swift in Sources */,
				18CEF31A1FD4E585005C3980 /* Date+Helpers.swift in Sources */,
				1842D6DE2014427800571BD2 /* SpriteLoader.swift in Sources */,
				1884676520E97A4000CE5F33 /* RightDetailTableViewCell.swift in Sources */,
				18B330251FDCA51B00D59107 /* CGPoint+Helpers.swift in Sources */,
				18B330301FDDA05F00D59107 /* SKNode+Helpers.swift in Sources */,
				18DD3507208BD9140077E7B1 /* ChallengeResponseInteractor.swift in Sources */,
				18E53F8E20C7770600BE7BB9 /* EndOfGameViewController.swift in Sources */,
				18847EB220706B9400B90C9C /* NewChallengeViewController.swift in Sources */,
				18B3300B1FDC564800D59107 /* LoginManager.swift in Sources */,
				18F4DE8D1FE596B9007FE471 /* SKSpriteNode+Helpers.swift in Sources */,
				18A671EF205DACD900EB4BB8 /* FriendManager.swift in Sources */,
				1842D6E22015095400571BD2 /* SKTileGroup+Helpers.swift in Sources */,
				18E1D000204B2A0100B4B506 /* SettingsViewController.swift in Sources */,
				181AD9C820CD964400EEEB7F /* CloudKitSyncable.swift in Sources */,
				181AD9CA20CDF2CF00EEEB7F /* CKRecord+AppExtensions.swift in Sources */,
				18CEF31C1FD4E8D7005C3980 /* Constants.swift in Sources */,
				183E7594203A727300092B2A /* CustomSubclasses.swift in Sources */,
				183E756C2038AFAF00092B2A /* GameSession.swift in Sources */,
				18A671ED205DA1F000EB4BB8 /* Interactor.swift in Sources */,
				18DD3505208BC9FE0077E7B1 /* ChallengeResponseViewController.swift in Sources */,
				18B3301D1FDC7B9500D59107 /* Layer.swift in Sources */,
				18A13DDE1FEECCEC00A042AD /* LevelLayer.swift in Sources */,
				18847EBB207073F100B90C9C /* MyChallengesInteractor.swift in Sources */,
				18DD3509208BDEB90077E7B1 /* Manager.swift in Sources */,
				1842D6DA201412E800571BD2 /* CGFloat+Helpers.swift in Sources */,
			);
			runOnlyForDeploymentPostprocessing = 0;
		};
		180C88AF1FC77F5F00D19F85 /* Sources */ = {
			isa = PBXSourcesBuildPhase;
			buildActionMask = 2147483647;
			files = (
				18B330291FDCA85D00D59107 /* CGPoint+HelpersTests.swift in Sources */,
				18B330321FDDA07900D59107 /* SKNode+HelpersTests.swift in Sources */,
				18B3302C1FDD8F1500D59107 /* LayerTests.swift in Sources */,
			);
			runOnlyForDeploymentPostprocessing = 0;
		};
		18172929207B0C8600D6F35E /* Sources */ = {
			isa = PBXSourcesBuildPhase;
			buildActionMask = 2147483647;
			files = (
			);
			runOnlyForDeploymentPostprocessing = 0;
		};
/* End PBXSourcesBuildPhase section */

/* Begin PBXTargetDependency section */
		180C88B51FC77F5F00D19F85 /* PBXTargetDependency */ = {
			isa = PBXTargetDependency;
			target = 180C88981FC77F5F00D19F85 /* Jetman */;
			targetProxy = 180C88B41FC77F5F00D19F85 /* PBXContainerItemProxy */;
		};
		18172934207B0C8700D6F35E /* PBXTargetDependency */ = {
			isa = PBXTargetDependency;
			target = 1817292D207B0C8600D6F35E /* SharedJetman */;
			targetProxy = 18172933207B0C8700D6F35E /* PBXContainerItemProxy */;
		};
/* End PBXTargetDependency section */

/* Begin PBXVariantGroup section */
		180C88A61FC77F5F00D19F85 /* Main.storyboard */ = {
			isa = PBXVariantGroup;
			children = (
				180C88A71FC77F5F00D19F85 /* Base */,
			);
			name = Main.storyboard;
			sourceTree = "<group>";
		};
		180C88AB1FC77F5F00D19F85 /* LaunchScreen.storyboard */ = {
			isa = PBXVariantGroup;
			children = (
				180C88AC1FC77F5F00D19F85 /* Base */,
			);
			name = LaunchScreen.storyboard;
			sourceTree = "<group>";
		};
/* End PBXVariantGroup section */

/* Begin XCBuildConfiguration section */
		180C88C51FC77F6000D19F85 /* Debug */ = {
			isa = XCBuildConfiguration;
			buildSettings = {
				ALWAYS_SEARCH_USER_PATHS = NO;
				CLANG_ANALYZER_NONNULL = YES;
				CLANG_ANALYZER_NUMBER_OBJECT_CONVERSION = YES_AGGRESSIVE;
				CLANG_CXX_LANGUAGE_STANDARD = "gnu++14";
				CLANG_CXX_LIBRARY = "libc++";
				CLANG_ENABLE_MODULES = YES;
				CLANG_ENABLE_OBJC_ARC = YES;
				CLANG_WARN_BLOCK_CAPTURE_AUTORELEASING = YES;
				CLANG_WARN_BOOL_CONVERSION = YES;
				CLANG_WARN_COMMA = YES;
				CLANG_WARN_CONSTANT_CONVERSION = YES;
				CLANG_WARN_DEPRECATED_OBJC_IMPLEMENTATIONS = YES;
				CLANG_WARN_DIRECT_OBJC_ISA_USAGE = YES_ERROR;
				CLANG_WARN_DOCUMENTATION_COMMENTS = YES;
				CLANG_WARN_EMPTY_BODY = YES;
				CLANG_WARN_ENUM_CONVERSION = YES;
				CLANG_WARN_INFINITE_RECURSION = YES;
				CLANG_WARN_INT_CONVERSION = YES;
				CLANG_WARN_NON_LITERAL_NULL_CONVERSION = YES;
				CLANG_WARN_OBJC_IMPLICIT_RETAIN_SELF = YES;
				CLANG_WARN_OBJC_LITERAL_CONVERSION = YES;
				CLANG_WARN_OBJC_ROOT_CLASS = YES_ERROR;
				CLANG_WARN_RANGE_LOOP_ANALYSIS = YES;
				CLANG_WARN_STRICT_PROTOTYPES = YES;
				CLANG_WARN_SUSPICIOUS_MOVE = YES;
				CLANG_WARN_UNGUARDED_AVAILABILITY = YES_AGGRESSIVE;
				CLANG_WARN_UNREACHABLE_CODE = YES;
				CLANG_WARN__DUPLICATE_METHOD_MATCH = YES;
				CODE_SIGN_IDENTITY = "iPhone Developer";
				COPY_PHASE_STRIP = NO;
				DEBUG_INFORMATION_FORMAT = dwarf;
				ENABLE_STRICT_OBJC_MSGSEND = YES;
				ENABLE_TESTABILITY = YES;
				GCC_C_LANGUAGE_STANDARD = gnu11;
				GCC_DYNAMIC_NO_PIC = NO;
				GCC_NO_COMMON_BLOCKS = YES;
				GCC_OPTIMIZATION_LEVEL = 0;
				GCC_PREPROCESSOR_DEFINITIONS = (
					"DEBUG=1",
					"$(inherited)",
				);
				GCC_WARN_64_TO_32_BIT_CONVERSION = YES;
				GCC_WARN_ABOUT_RETURN_TYPE = YES_ERROR;
				GCC_WARN_UNDECLARED_SELECTOR = YES;
				GCC_WARN_UNINITIALIZED_AUTOS = YES_AGGRESSIVE;
				GCC_WARN_UNUSED_FUNCTION = YES;
				GCC_WARN_UNUSED_VARIABLE = YES;
				IPHONEOS_DEPLOYMENT_TARGET = 11.0;
				MTL_ENABLE_DEBUG_INFO = YES;
				ONLY_ACTIVE_ARCH = YES;
				SDKROOT = iphoneos;
				SWIFT_ACTIVE_COMPILATION_CONDITIONS = DEBUG;
				SWIFT_OPTIMIZATION_LEVEL = "-Onone";
			};
			name = Debug;
		};
		180C88C61FC77F6000D19F85 /* Release */ = {
			isa = XCBuildConfiguration;
			buildSettings = {
				ALWAYS_SEARCH_USER_PATHS = NO;
				CLANG_ANALYZER_NONNULL = YES;
				CLANG_ANALYZER_NUMBER_OBJECT_CONVERSION = YES_AGGRESSIVE;
				CLANG_CXX_LANGUAGE_STANDARD = "gnu++14";
				CLANG_CXX_LIBRARY = "libc++";
				CLANG_ENABLE_MODULES = YES;
				CLANG_ENABLE_OBJC_ARC = YES;
				CLANG_WARN_BLOCK_CAPTURE_AUTORELEASING = YES;
				CLANG_WARN_BOOL_CONVERSION = YES;
				CLANG_WARN_COMMA = YES;
				CLANG_WARN_CONSTANT_CONVERSION = YES;
				CLANG_WARN_DEPRECATED_OBJC_IMPLEMENTATIONS = YES;
				CLANG_WARN_DIRECT_OBJC_ISA_USAGE = YES_ERROR;
				CLANG_WARN_DOCUMENTATION_COMMENTS = YES;
				CLANG_WARN_EMPTY_BODY = YES;
				CLANG_WARN_ENUM_CONVERSION = YES;
				CLANG_WARN_INFINITE_RECURSION = YES;
				CLANG_WARN_INT_CONVERSION = YES;
				CLANG_WARN_NON_LITERAL_NULL_CONVERSION = YES;
				CLANG_WARN_OBJC_IMPLICIT_RETAIN_SELF = YES;
				CLANG_WARN_OBJC_LITERAL_CONVERSION = YES;
				CLANG_WARN_OBJC_ROOT_CLASS = YES_ERROR;
				CLANG_WARN_RANGE_LOOP_ANALYSIS = YES;
				CLANG_WARN_STRICT_PROTOTYPES = YES;
				CLANG_WARN_SUSPICIOUS_MOVE = YES;
				CLANG_WARN_UNGUARDED_AVAILABILITY = YES_AGGRESSIVE;
				CLANG_WARN_UNREACHABLE_CODE = YES;
				CLANG_WARN__DUPLICATE_METHOD_MATCH = YES;
				CODE_SIGN_IDENTITY = "iPhone Developer";
				COPY_PHASE_STRIP = NO;
				DEBUG_INFORMATION_FORMAT = "dwarf-with-dsym";
				ENABLE_NS_ASSERTIONS = NO;
				ENABLE_STRICT_OBJC_MSGSEND = YES;
				GCC_C_LANGUAGE_STANDARD = gnu11;
				GCC_NO_COMMON_BLOCKS = YES;
				GCC_WARN_64_TO_32_BIT_CONVERSION = YES;
				GCC_WARN_ABOUT_RETURN_TYPE = YES_ERROR;
				GCC_WARN_UNDECLARED_SELECTOR = YES;
				GCC_WARN_UNINITIALIZED_AUTOS = YES_AGGRESSIVE;
				GCC_WARN_UNUSED_FUNCTION = YES;
				GCC_WARN_UNUSED_VARIABLE = YES;
				IPHONEOS_DEPLOYMENT_TARGET = 11.0;
				MTL_ENABLE_DEBUG_INFO = NO;
				SDKROOT = iphoneos;
				SWIFT_OPTIMIZATION_LEVEL = "-Owholemodule";
				VALIDATE_PRODUCT = YES;
			};
			name = Release;
		};
		180C88C81FC77F6000D19F85 /* Debug */ = {
			isa = XCBuildConfiguration;
			baseConfigurationReference = 311A83004CB21FFA816DEBB7 /* Pods-Jetman.debug.xcconfig */;
			buildSettings = {
				ASSETCATALOG_COMPILER_APPICON_NAME = AppIcon;
				CODE_SIGN_ENTITLEMENTS = Jetman/Jetman.entitlements;
				CODE_SIGN_STYLE = Automatic;
				DEVELOPMENT_TEAM = QFVJ6KY7E2;
				INFOPLIST_FILE = Jetman/Main/Info.plist;
				IPHONEOS_DEPLOYMENT_TARGET = 11.0;
				LD_RUNPATH_SEARCH_PATHS = "$(inherited) @executable_path/Frameworks";
				PRODUCT_BUNDLE_IDENTIFIER = com.ganleyapps.ProjectYelnag;
				PRODUCT_NAME = "$(TARGET_NAME)";
				SWIFT_VERSION = 4.0;
				TARGETED_DEVICE_FAMILY = 1;
			};
			name = Debug;
		};
		180C88C91FC77F6000D19F85 /* Release */ = {
			isa = XCBuildConfiguration;
			baseConfigurationReference = AE5CA22114BEA837365E73B4 /* Pods-Jetman.release.xcconfig */;
			buildSettings = {
				ASSETCATALOG_COMPILER_APPICON_NAME = AppIcon;
				CODE_SIGN_ENTITLEMENTS = Jetman/Jetman.entitlements;
				CODE_SIGN_STYLE = Automatic;
				DEVELOPMENT_TEAM = QFVJ6KY7E2;
				INFOPLIST_FILE = Jetman/Main/Info.plist;
				IPHONEOS_DEPLOYMENT_TARGET = 11.0;
				LD_RUNPATH_SEARCH_PATHS = "$(inherited) @executable_path/Frameworks";
				PRODUCT_BUNDLE_IDENTIFIER = com.ganleyapps.ProjectYelnag;
				PRODUCT_NAME = "$(TARGET_NAME)";
				SWIFT_VERSION = 4.0;
				TARGETED_DEVICE_FAMILY = 1;
			};
			name = Release;
		};
		180C88CB1FC77F6000D19F85 /* Debug */ = {
			isa = XCBuildConfiguration;
			buildSettings = {
				ALWAYS_EMBED_SWIFT_STANDARD_LIBRARIES = YES;
				BUNDLE_LOADER = "$(TEST_HOST)";
				CLANG_ENABLE_MODULES = YES;
				CODE_SIGN_STYLE = Automatic;
				DEVELOPMENT_TEAM = QFVJ6KY7E2;
				INFOPLIST_FILE = JetmanTests/Info.plist;
				LD_RUNPATH_SEARCH_PATHS = "$(inherited) @executable_path/Frameworks @loader_path/Frameworks";
				PRODUCT_BUNDLE_IDENTIFIER = com.ganleyapps.JetmanTests;
				PRODUCT_NAME = "$(TARGET_NAME)";
				SWIFT_OPTIMIZATION_LEVEL = "-Onone";
				SWIFT_VERSION = 4.0;
				TARGETED_DEVICE_FAMILY = "1,2";
				TEST_HOST = "$(BUILT_PRODUCTS_DIR)/Jetman.app/Jetman";
			};
			name = Debug;
		};
		180C88CC1FC77F6000D19F85 /* Release */ = {
			isa = XCBuildConfiguration;
			buildSettings = {
				ALWAYS_EMBED_SWIFT_STANDARD_LIBRARIES = YES;
				BUNDLE_LOADER = "$(TEST_HOST)";
				CLANG_ENABLE_MODULES = YES;
				CODE_SIGN_STYLE = Automatic;
				DEVELOPMENT_TEAM = QFVJ6KY7E2;
				INFOPLIST_FILE = JetmanTests/Info.plist;
				LD_RUNPATH_SEARCH_PATHS = "$(inherited) @executable_path/Frameworks @loader_path/Frameworks";
				PRODUCT_BUNDLE_IDENTIFIER = com.ganleyapps.JetmanTests;
				PRODUCT_NAME = "$(TARGET_NAME)";
				SWIFT_VERSION = 4.0;
				TARGETED_DEVICE_FAMILY = "1,2";
				TEST_HOST = "$(BUILT_PRODUCTS_DIR)/Jetman.app/Jetman";
			};
			name = Release;
		};
		18172937207B0C8700D6F35E /* Debug */ = {
			isa = XCBuildConfiguration;
			buildSettings = {
				CLANG_ENABLE_OBJC_WEAK = YES;
				CLANG_WARN_DEPRECATED_OBJC_IMPLEMENTATIONS = YES;
				CLANG_WARN_OBJC_IMPLICIT_RETAIN_SELF = YES;
				CODE_SIGN_IDENTITY = "";
				CODE_SIGN_STYLE = Automatic;
				CURRENT_PROJECT_VERSION = 1;
				DEFINES_MODULE = YES;
				DEVELOPMENT_TEAM = QFVJ6KY7E2;
				DYLIB_COMPATIBILITY_VERSION = 1;
				DYLIB_CURRENT_VERSION = 1;
				DYLIB_INSTALL_NAME_BASE = "@rpath";
				INFOPLIST_FILE = SharedJetman/Info.plist;
				INSTALL_PATH = "$(LOCAL_LIBRARY_DIR)/Frameworks";
				IPHONEOS_DEPLOYMENT_TARGET = 11.0;
				LD_RUNPATH_SEARCH_PATHS = "$(inherited) @executable_path/Frameworks @loader_path/Frameworks";
				PRODUCT_BUNDLE_IDENTIFIER = com.ganleyapps.SharedJetman;
				PRODUCT_NAME = "$(TARGET_NAME:c99extidentifier)";
				SKIP_INSTALL = YES;
				SWIFT_VERSION = 4.0;
				TARGETED_DEVICE_FAMILY = 1;
				VERSIONING_SYSTEM = "apple-generic";
				VERSION_INFO_PREFIX = "";
			};
			name = Debug;
		};
		18172938207B0C8700D6F35E /* Release */ = {
			isa = XCBuildConfiguration;
			buildSettings = {
				CLANG_ENABLE_OBJC_WEAK = YES;
				CLANG_WARN_DEPRECATED_OBJC_IMPLEMENTATIONS = YES;
				CLANG_WARN_OBJC_IMPLICIT_RETAIN_SELF = YES;
				CODE_SIGN_IDENTITY = "";
				CODE_SIGN_STYLE = Automatic;
				CURRENT_PROJECT_VERSION = 1;
				DEFINES_MODULE = YES;
				DEVELOPMENT_TEAM = QFVJ6KY7E2;
				DYLIB_COMPATIBILITY_VERSION = 1;
				DYLIB_CURRENT_VERSION = 1;
				DYLIB_INSTALL_NAME_BASE = "@rpath";
				INFOPLIST_FILE = SharedJetman/Info.plist;
				INSTALL_PATH = "$(LOCAL_LIBRARY_DIR)/Frameworks";
				IPHONEOS_DEPLOYMENT_TARGET = 11.0;
				LD_RUNPATH_SEARCH_PATHS = "$(inherited) @executable_path/Frameworks @loader_path/Frameworks";
				PRODUCT_BUNDLE_IDENTIFIER = com.ganleyapps.SharedJetman;
				PRODUCT_NAME = "$(TARGET_NAME:c99extidentifier)";
				SKIP_INSTALL = YES;
				SWIFT_VERSION = 4.0;
				TARGETED_DEVICE_FAMILY = 1;
				VERSIONING_SYSTEM = "apple-generic";
				VERSION_INFO_PREFIX = "";
			};
			name = Release;
		};
/* End XCBuildConfiguration section */

/* Begin XCConfigurationList section */
		180C88941FC77F5F00D19F85 /* Build configuration list for PBXProject "Jetman" */ = {
			isa = XCConfigurationList;
			buildConfigurations = (
				180C88C51FC77F6000D19F85 /* Debug */,
				180C88C61FC77F6000D19F85 /* Release */,
			);
			defaultConfigurationIsVisible = 0;
			defaultConfigurationName = Release;
		};
		180C88C71FC77F6000D19F85 /* Build configuration list for PBXNativeTarget "Jetman" */ = {
			isa = XCConfigurationList;
			buildConfigurations = (
				180C88C81FC77F6000D19F85 /* Debug */,
				180C88C91FC77F6000D19F85 /* Release */,
			);
			defaultConfigurationIsVisible = 0;
			defaultConfigurationName = Release;
		};
		180C88CA1FC77F6000D19F85 /* Build configuration list for PBXNativeTarget "JetmanTests" */ = {
			isa = XCConfigurationList;
			buildConfigurations = (
				180C88CB1FC77F6000D19F85 /* Debug */,
				180C88CC1FC77F6000D19F85 /* Release */,
			);
			defaultConfigurationIsVisible = 0;
			defaultConfigurationName = Release;
		};
		18172939207B0C8700D6F35E /* Build configuration list for PBXNativeTarget "SharedJetman" */ = {
			isa = XCConfigurationList;
			buildConfigurations = (
				18172937207B0C8700D6F35E /* Debug */,
				18172938207B0C8700D6F35E /* Release */,
			);
			defaultConfigurationIsVisible = 0;
			defaultConfigurationName = Release;
		};
/* End XCConfigurationList section */
	};
	rootObject = 180C88911FC77F5F00D19F85 /* Project object */;
}
